
Microsoft Visual Studio Solution File, Format Version 12.00
# Visual Studio Version 16
VisualStudioVersion = 16.0.30804.86
MinimumVisualStudioVersion = 10.0.40219.1
Project("{FAE04EC0-301F-11D3-BF4B-00C04F79EFBC}") = "NET_M6_EMPLEATS", "NET_M6_EMPLEATS\NET_M6_EMPLEATS.csproj", "{8A5B6A91-C411-4735-9580-E97B737F1ED7}"
EndProject
Global
	GlobalSection(SolutionConfigurationPlatforms) = preSolution
		Debug|Any CPU = Debug|Any CPU
		Release|Any CPU = Release|Any CPU
	EndGlobalSection
	GlobalSection(ProjectConfigurationPlatforms) = postSolution
		{8A5B6A91-C411-4735-9580-E97B737F1ED7}.Debug|Any CPU.ActiveCfg = Debug|Any CPU
		{8A5B6A91-C411-4735-9580-E97B737F1ED7}.Debug|Any CPU.Build.0 = Debug|Any CPU
		{8A5B6A91-C411-4735-9580-E97B737F1ED7}.Release|Any CPU.ActiveCfg = Release|Any CPU
		{8A5B6A91-C411-4735-9580-E97B737F1ED7}.Release|Any CPU.Build.0 = Release|Any CPU
	EndGlobalSection
	GlobalSection(SolutionProperties) = preSolution
		HideSolutionNode = FALSE
	EndGlobalSection
	GlobalSection(ExtensibilityGlobals) = postSolution
		SolutionGuid = {18A7E65D-5193-48B0-8A48-18AB76D2E6BF}
	EndGlobalSection
EndGlobal
